github.com/arodland/flexclient v0.0.0-20200403071724-75af90490b2f h1:HkNuRNN0QFYWR9jbgMrhUZQf96IAejQwqFMgfWuRz4A=
github.com/arodland/flexclient v0.0.0-20200403071724-75af90490b2f/go.mod h1:TJsk9/vJ3IIo9h9CTe0qWH4wx/iY/Jr1bkEzfyEsoYo=
github.com/krippendorf/flexlib-go v0.0.0-20190915173206-0615603c3e03 h1:Ms006cLD8bjmWhelibnwBZzKMg4rxmASRSf04ymxALc=
github.com/krippendorf/flexlib-go v0.0.0-20190915173206-0615603c3e03/go.mod h1:2DEEUE+BgOsEbCz8RWpWbe3OyT6wn7xctzMyrxa6op8=
