github.com/arodland/flexclient v0.0.0-20200425151003-78b44e23d8f3 h1:pSMFAmzzwqY4G0LqclsdAeixzIaRvxCAN3eB5v3B3iE=
github.com/arodland/flexclient v0.0.0-20200425151003-78b44e23d8f3/go.mod h1:TJsk9/vJ3IIo9h9CTe0qWH4wx/iY/Jr1bkEzfyEsoYo=
github.com/krippendorf/flexlib-go v0.0.0-20190915173206-0615603c3e03 h1:Ms006cLD8bjmWhelibnwBZzKMg4rxmASRSf04ymxALc=
github.com/krippendorf/flexlib-go v0.0.0-20190915173206-0615603c3e03/go.mod h1:2DEEUE+BgOsEbCz8RWpWbe3OyT6wn7xctzMyrxa6op8=
